
Microsoft Visual Studio Solution File, Format Version 12.00
# Visual Studio Version 17
VisualStudioVersion = 17.2.32630.192
MinimumVisualStudioVersion = 10.0.40219.1
Project("{9A19103F-16F7-4668-BE54-9A1E7A4F7556}") = "QB3API", "QB3API.csproj", "{B372797F-248F-4B7F-AC2E-86987EA0408A}"
EndProject
Global
	GlobalSection(SolutionConfigurationPlatforms) = preSolution
		Debug|Any CPU = Debug|Any CPU
		Release|Any CPU = Release|Any CPU
	EndGlobalSection
	GlobalSection(ProjectConfigurationPlatforms) = postSolution
		{B372797F-248F-4B7F-AC2E-86987EA0408A}.Debug|Any CPU.ActiveCfg = Debug|Any CPU
		{B372797F-248F-4B7F-AC2E-86987EA0408A}.Debug|Any CPU.Build.0 = Debug|Any CPU
		{B372797F-248F-4B7F-AC2E-86987EA0408A}.Release|Any CPU.ActiveCfg = Release|Any CPU
		{B372797F-248F-4B7F-AC2E-86987EA0408A}.Release|Any CPU.Build.0 = Release|Any CPU
	EndGlobalSection
	GlobalSection(SolutionProperties) = preSolution
		HideSolutionNode = FALSE
	EndGlobalSection
	GlobalSection(ExtensibilityGlobals) = postSolution
		SolutionGuid = {D430D5E3-AD86-4F31-9806-3669023BFE0D}
	EndGlobalSection
EndGlobal
